<?xml version="1.0" encoding="utf-8"?>
<Project ToolsVersion="4.0" xmlns="http://schemas.microsoft.com/developer/msbuild/2003">
  <ItemGroup>
    <Filter Include="Source Files">
      <UniqueIdentifier>{4FC737F1-C7A5-4376-A066-2A32D752A2FF}</UniqueIdentifier>
      <Extensions>cpp;c;cc;cxx;def;odl;idl;hpj;bat;asm;asmx</Extensions>
    </Filter>
    <Filter Include="Header Files">
      <UniqueIdentifier>{93995380-89BD-4b04-88EB-625FBE52EBFB}</UniqueIdentifier>
      <Extensions>h;hh;hpp;hxx;hm;inl;inc;xsd</Extensions>
    </Filter>
    <Filter Include="Resource Files">
      <UniqueIdentifier>{67DA6AB6-F800-4c08-8B7A-83BB121AAD01}</UniqueIdentifier>
      <Extensions>rc;ico;cur;bmp;dlg;rc2;rct;bin;rgs;gif;jpg;jpeg;jpe;resx;tiff;tif;png;wav;mfcribbon-ms</Extensions>
    </Filter>
    <Filter Include="Source Files\Functions">
      <UniqueIdentifier>{d2b6899d-6374-4a36-9af3-fff1fe2db71c}</UniqueIdentifier>
    </Filter>
  </ItemGroup>
  <ItemGroup>
    <ClInclude Include="stdafx.h">
      <Filter>Header Files</Filter>
    </ClInclude>
    <ClInclude Include="targetver.h">
      <Filter>Header Files</Filter>
    </ClInclude>
    <ClInclude Include="resource.h">
      <Filter>Header Files</Filter>
    </ClInclude>
    <ClInclude Include="DxgiWrapper.h">
      <Filter>Header Files</Filter>
    </ClInclude>
    <ClInclude Include="Utils.h">
      <Filter>Header Files</Filter>
    </ClInclude>
    <ClInclude Include="OsirisProxy.h">
      <Filter>Header Files</Filter>
    </ClInclude>
    <ClInclude Include="SocketProxy.h">
      <Filter>Header Files</Filter>
    </ClInclude>
    <ClInclude Include="NodeHooks.h">
      <Filter>Header Files</Filter>
    </ClInclude>
    <ClInclude Include="osidebug.pb.h">
      <Filter>Header Files</Filter>
    </ClInclude>
    <ClInclude Include="DebugInterface.h">
      <Filter>Header Files</Filter>
    </ClInclude>
    <ClInclude Include="DebugMessages.h">
      <Filter>Header Files</Filter>
    </ClInclude>
    <ClInclude Include="Debugger.h">
      <Filter>Header Files</Filter>
    </ClInclude>
    <ClInclude Include="CustomFunctions.h">
      <Filter>Header Files</Filter>
    </ClInclude>
    <ClInclude Include="Wrappers.h">
      <Filter>Header Files</Filter>
    </ClInclude>
    <ClInclude Include="OsirisWrappers.h">
      <Filter>Header Files</Filter>
    </ClInclude>
    <ClInclude Include="DataLibraries.h">
      <Filter>Header Files</Filter>
    </ClInclude>
    <ClInclude Include="OsiInterface.h">
      <Filter>Header Files</Filter>
    </ClInclude>
    <ClInclude Include="DivInterface.h">
      <Filter>Header Files</Filter>
    </ClInclude>
    <ClInclude Include="Functions\FunctionLibrary.h">
      <Filter>Header Files</Filter>
    </ClInclude>
  </ItemGroup>
  <ItemGroup>
    <ClCompile Include="stdafx.cpp">
      <Filter>Source Files</Filter>
    </ClCompile>
    <ClCompile Include="dllmain.cpp">
      <Filter>Source Files</Filter>
    </ClCompile>
    <ClCompile Include="DxgiWrapper.cpp">
      <Filter>Source Files</Filter>
    </ClCompile>
    <ClCompile Include="Utils.cpp">
      <Filter>Source Files</Filter>
    </ClCompile>
    <ClCompile Include="OsirisProxy.cpp">
      <Filter>Source Files</Filter>
    </ClCompile>
    <ClCompile Include="NodeHooks.cpp">
      <Filter>Source Files</Filter>
    </ClCompile>
    <ClCompile Include="osidebug.pb.cc">
      <Filter>Source Files</Filter>
    </ClCompile>
    <ClCompile Include="DebugInterface.cpp">
      <Filter>Source Files</Filter>
    </ClCompile>
    <ClCompile Include="DebugMessages.cpp">
      <Filter>Source Files</Filter>
    </ClCompile>
    <ClCompile Include="Debugger.cpp">
      <Filter>Source Files</Filter>
    </ClCompile>
    <ClCompile Include="OsirisWrappers.cpp">
      <Filter>Source Files</Filter>
    </ClCompile>
    <ClCompile Include="CustomFunctions.cpp">
      <Filter>Source Files</Filter>
    </ClCompile>
    <ClCompile Include="DataLibraries.cpp">
      <Filter>Source Files</Filter>
    </ClCompile>
    <ClCompile Include="DivInterface.cpp">
      <Filter>Source Files</Filter>
    </ClCompile>
    <ClCompile Include="Functions\UtilityFunctions.cpp">
      <Filter>Source Files\Functions</Filter>
    </ClCompile>
    <ClCompile Include="Functions\FunctionLibrary.cpp">
      <Filter>Source Files\Functions</Filter>
    </ClCompile>
    <ClCompile Include="Functions\FunctionUtilities.cpp">
      <Filter>Source Files\Functions</Filter>
    </ClCompile>
    <ClCompile Include="Functions\StatFunctions.cpp">
      <Filter>Source Files\Functions</Filter>
    </ClCompile>
    <ClCompile Include="Functions\StatusFunctions.cpp">
      <Filter>Source Files\Functions</Filter>
    </ClCompile>
    <ClCompile Include="Functions\GameActionFunctions.cpp">
      <Filter>Source Files\Functions</Filter>
    </ClCompile>
    <ClCompile Include="Functions\ProjectileFunctions.cpp">
      <Filter>Source Files\Functions</Filter>
    </ClCompile>
  </ItemGroup>
  <ItemGroup>
    <None Include="Exports.def">
      <Filter>Source Files</Filter>
    </None>
    <None Include="osidebug.proto">
      <Filter>Source Files</Filter>
    </None>
  </ItemGroup>
  <ItemGroup>
    <ResourceCompile Include="OsiInterface.rc">
      <Filter>Resource Files</Filter>
    </ResourceCompile>
  </ItemGroup>
</Project>